
Microsoft Visual Studio Solution File, Format Version 12.00
# Visual Studio Version 17
VisualStudioVersion = 17.14.36301.6 d17.14
MinimumVisualStudioVersion = 10.0.40219.1
Project("{FAE04EC0-301F-11D3-BF4B-00C04F79EFBC}") = "ПРОЕКТ. Слова", "ПРОЕКТ. Слова.csproj", "{053FB886-5155-4AB6-9058-4B93BFCF330A}"
EndProject
Global
	GlobalSection(SolutionConfigurationPlatforms) = preSolution
		Debug|Any CPU = Debug|Any CPU
		Release|Any CPU = Release|Any CPU
	EndGlobalSection
	GlobalSection(ProjectConfigurationPlatforms) = postSolution
		{053FB886-5155-4AB6-9058-4B93BFCF330A}.Debug|Any CPU.ActiveCfg = Debug|Any CPU
		{053FB886-5155-4AB6-9058-4B93BFCF330A}.Debug|Any CPU.Build.0 = Debug|Any CPU
		{053FB886-5155-4AB6-9058-4B93BFCF330A}.Release|Any CPU.ActiveCfg = Release|Any CPU
		{053FB886-5155-4AB6-9058-4B93BFCF330A}.Release|Any CPU.Build.0 = Release|Any CPU
	EndGlobalSection
	GlobalSection(SolutionProperties) = preSolution
		HideSolutionNode = FALSE
	EndGlobalSection
	GlobalSection(ExtensibilityGlobals) = postSolution
		SolutionGuid = {D257B407-7787-48EF-BF7A-B61D503B2D40}
	EndGlobalSection
EndGlobal
